
Microsoft Visual Studio Solution File, Format Version 12.00
# Visual Studio Version 16
VisualStudioVersion = 16.0.30128.74
MinimumVisualStudioVersion = 10.0.40219.1
Project("{FAE04EC0-301F-11D3-BF4B-00C04F79EFBC}") = "MyfirstAzureApp", "MyfirstAzureApp\MyfirstAzureApp.csproj", "{B6FAEAC0-C16F-41AC-8383-B776ADBB2C32}"
EndProject
Global
	GlobalSection(SolutionConfigurationPlatforms) = preSolution
		Debug|Any CPU = Debug|Any CPU
		Release|Any CPU = Release|Any CPU
	EndGlobalSection
	GlobalSection(ProjectConfigurationPlatforms) = postSolution
		{B6FAEAC0-C16F-41AC-8383-B776ADBB2C32}.Debug|Any CPU.ActiveCfg = Debug|Any CPU
		{B6FAEAC0-C16F-41AC-8383-B776ADBB2C32}.Debug|Any CPU.Build.0 = Debug|Any CPU
		{B6FAEAC0-C16F-41AC-8383-B776ADBB2C32}.Release|Any CPU.ActiveCfg = Release|Any CPU
		{B6FAEAC0-C16F-41AC-8383-B776ADBB2C32}.Release|Any CPU.Build.0 = Release|Any CPU
	EndGlobalSection
	GlobalSection(SolutionProperties) = preSolution
		HideSolutionNode = FALSE
	EndGlobalSection
	GlobalSection(ExtensibilityGlobals) = postSolution
		SolutionGuid = {F091A57A-2D4A-4D5E-8919-AB714F6F6B9B}
	EndGlobalSection
EndGlobal
